
Microsoft Visual Studio Solution File, Format Version 12.00
# Visual Studio 15
VisualStudioVersion = 15.0.28307.168
MinimumVisualStudioVersion = 10.0.40219.1
Project("{FAE04EC0-301F-11D3-BF4B-00C04F79EFBC}") = "RadarSystemToolbox.Console", "RadarSystemToolbox.Console\RadarSystemToolbox.Console.csproj", "{AE51A790-03D0-45C1-85E1-0CAF100525CA}"
EndProject
Global
	GlobalSection(SolutionConfigurationPlatforms) = preSolution
		Debug|Any CPU = Debug|Any CPU
		Release|Any CPU = Release|Any CPU
	EndGlobalSection
	GlobalSection(ProjectConfigurationPlatforms) = postSolution
		{AE51A790-03D0-45C1-85E1-0CAF100525CA}.Debug|Any CPU.ActiveCfg = Debug|Any CPU
		{AE51A790-03D0-45C1-85E1-0CAF100525CA}.Debug|Any CPU.Build.0 = Debug|Any CPU
		{AE51A790-03D0-45C1-85E1-0CAF100525CA}.Release|Any CPU.ActiveCfg = Release|Any CPU
		{AE51A790-03D0-45C1-85E1-0CAF100525CA}.Release|Any CPU.Build.0 = Release|Any CPU
	EndGlobalSection
	GlobalSection(SolutionProperties) = preSolution
		HideSolutionNode = FALSE
	EndGlobalSection
	GlobalSection(ExtensibilityGlobals) = postSolution
		SolutionGuid = {96B8516C-895B-4E29-8862-E7CEA9332E18}
	EndGlobalSection
EndGlobal
